
Microsoft Visual Studio Solution File, Format Version 12.00
# Visual Studio Version 17
VisualStudioVersion = 17.8.34511.84
MinimumVisualStudioVersion = 10.0.40219.1
Project("{FAE04EC0-301F-11D3-BF4B-00C04F79EFBC}") = "DemoAppMVC", "DemoAppMVC.csproj", "{A13442DC-115C-49FF-8A85-E4A5D7A33F13}"
EndProject
Global
	GlobalSection(SolutionConfigurationPlatforms) = preSolution
		Debug|Any CPU = Debug|Any CPU
		Release|Any CPU = Release|Any CPU
	EndGlobalSection
	GlobalSection(ProjectConfigurationPlatforms) = postSolution
		{A13442DC-115C-49FF-8A85-E4A5D7A33F13}.Debug|Any CPU.ActiveCfg = Debug|Any CPU
		{A13442DC-115C-49FF-8A85-E4A5D7A33F13}.Debug|Any CPU.Build.0 = Debug|Any CPU
		{A13442DC-115C-49FF-8A85-E4A5D7A33F13}.Release|Any CPU.ActiveCfg = Release|Any CPU
		{A13442DC-115C-49FF-8A85-E4A5D7A33F13}.Release|Any CPU.Build.0 = Release|Any CPU
	EndGlobalSection
	GlobalSection(SolutionProperties) = preSolution
		HideSolutionNode = FALSE
	EndGlobalSection
	GlobalSection(ExtensibilityGlobals) = postSolution
		SolutionGuid = {8E0EF5B1-C67E-4B68-B7BD-836BE4B367D1}
	EndGlobalSection
EndGlobal
